
Microsoft Visual Studio Solution File, Format Version 12.00
# Visual Studio 2013
VisualStudioVersion = 12.0.31101.0
MinimumVisualStudioVersion = 10.0.40219.1
Project("{FAE04EC0-301F-11D3-BF4B-00C04F79EFBC}") = "SLWP80", "SLWP80\SLWP80.csproj", "{AF76B952-2106-4941-98B8-EA215CAD025A}"
EndProject
Project("{FAE04EC0-301F-11D3-BF4B-00C04F79EFBC}") = "SLWP81", "SLWP81\SLWP81.csproj", "{FD9B5B09-A7DB-4F40-BC45-1D2BFF17315B}"
EndProject
Project("{2150E333-8FDC-42A3-9474-1A3956D46DE8}") = "UniversalCS", "UniversalCS", "{6EF871BD-4BE4-493C-BE4E-5B68A42FD8CB}"
EndProject
Project("{D954291E-2A0B-460D-934E-DC6B0785DB48}") = "UniversalCS.Shared", "UniversalCS\UniversalCS.Shared\UniversalCS.Shared.shproj", "{A3BE7312-B3C1-4019-8D3F-B73B4BD221DF}"
EndProject
Project("{FAE04EC0-301F-11D3-BF4B-00C04F79EFBC}") = "UniversalCS.Windows", "UniversalCS\UniversalCS.Windows\UniversalCS.Windows.csproj", "{F17C1A30-9C1F-4256-8526-F0AC655D514A}"
EndProject
Project("{FAE04EC0-301F-11D3-BF4B-00C04F79EFBC}") = "UniversalCS.WindowsPhone", "UniversalCS\UniversalCS.WindowsPhone\UniversalCS.WindowsPhone.csproj", "{2A79D24D-51B6-41FC-8A33-E2069A9D7CF1}"
EndProject
Project("{2150E333-8FDC-42A3-9474-1A3956D46DE8}") = "UniversalJS", "UniversalJS", "{8DA059A2-A512-45D4-9F13-D5E4999E2203}"
EndProject
Project("{D954291E-2A0B-460D-934E-DC6B0785DB48}") = "UniversalJS.Shared", "UniversalJS\UniversalJS.Shared\UniversalJS.Shared.shproj", "{AE1DCAAB-E761-4F2F-B559-6C5F84AEBB4B}"
EndProject
Project("{262852C6-CD72-467D-83FE-5EEB1973A190}") = "UniversalJS.Windows", "UniversalJS\UniversalJS.Windows\UniversalJS.Windows.jsproj", "{6B9CC043-E4A6-43E1-8D4C-AFAA9CD5C809}"
EndProject
Project("{262852C6-CD72-467D-83FE-5EEB1973A190}") = "UniversalJS.WindowsPhone", "UniversalJS\UniversalJS.WindowsPhone\UniversalJS.WindowsPhone.jsproj", "{EE0C57B0-70A9-41AB-88C9-AED4D512CE4E}"
EndProject
Project("{2150E333-8FDC-42A3-9474-1A3956D46DE8}") = "Unity", "Unity", "{ABD1D883-42AE-4E3C-AD5A-5A27AB6CBAB6}"
EndProject
Project("{FAE04EC0-301F-11D3-BF4B-00C04F79EFBC}") = "AdDuplexUnityDemo", "Unity\AdDuplexUnityDemo\VisualStudio\AdDuplexUnityDemo\AdDuplexUnityDemo.csproj", "{7A61466B-B453-4A49-A647-F760F90225BC}"
EndProject
Global
	GlobalSection(SharedMSBuildProjectFiles) = preSolution
		UniversalCS\UniversalCS.Shared\UniversalCS.Shared.projitems*{2a79d24d-51b6-41fc-8a33-e2069a9d7cf1}*SharedItemsImports = 4
		UniversalCS\UniversalCS.Shared\UniversalCS.Shared.projitems*{f17c1a30-9c1f-4256-8526-f0ac655d514a}*SharedItemsImports = 4
		UniversalCS\UniversalCS.Shared\UniversalCS.Shared.projitems*{a3be7312-b3c1-4019-8d3f-b73b4bd221df}*SharedItemsImports = 13
		UniversalJS\UniversalJS.Shared\UniversalJS.Shared.projitems*{6b9cc043-e4a6-43e1-8d4c-afaa9cd5c809}*SharedItemsImports = 5
		UniversalJS\UniversalJS.Shared\UniversalJS.Shared.projitems*{ae1dcaab-e761-4f2f-b559-6c5f84aebb4b}*SharedItemsImports = 13
		UniversalJS\UniversalJS.Shared\UniversalJS.Shared.projitems*{ee0c57b0-70a9-41ab-88c9-aed4d512ce4e}*SharedItemsImports = 5
	EndGlobalSection
	GlobalSection(SolutionConfigurationPlatforms) = preSolution
		Debug|Any CPU = Debug|Any CPU
		Debug|ARM = Debug|ARM
		Debug|Mixed Platforms = Debug|Mixed Platforms
		Debug|x64 = Debug|x64
		Debug|x86 = Debug|x86
		Master|Any CPU = Master|Any CPU
		Master|ARM = Master|ARM
		Master|Mixed Platforms = Master|Mixed Platforms
		Master|x64 = Master|x64
		Master|x86 = Master|x86
		Release|Any CPU = Release|Any CPU
		Release|ARM = Release|ARM
		Release|Mixed Platforms = Release|Mixed Platforms
		Release|x64 = Release|x64
		Release|x86 = Release|x86
	EndGlobalSection
	GlobalSection(ProjectConfigurationPlatforms) = postSolution
		{AF76B952-2106-4941-98B8-EA215CAD025A}.Debug|Any CPU.ActiveCfg = Debug|Any CPU
		{AF76B952-2106-4941-98B8-EA215CAD025A}.Debug|Any CPU.Build.0 = Debug|Any CPU
		{AF76B952-2106-4941-98B8-EA215CAD025A}.Debug|Any CPU.Deploy.0 = Debug|Any CPU
		{AF76B952-2106-4941-98B8-EA215CAD025A}.Debug|ARM.ActiveCfg = Debug|ARM
		{AF76B952-2106-4941-98B8-EA215CAD025A}.Debug|ARM.Build.0 = Debug|ARM
		{AF76B952-2106-4941-98B8-EA215CAD025A}.Debug|ARM.Deploy.0 = Debug|ARM
		{AF76B952-2106-4941-98B8-EA215CAD025A}.Debug|Mixed Platforms.ActiveCfg = Debug|x86
		{AF76B952-2106-4941-98B8-EA215CAD025A}.Debug|Mixed Platforms.Build.0 = Debug|x86
		{AF76B952-2106-4941-98B8-EA215CAD025A}.Debug|Mixed Platforms.Deploy.0 = Debug|x86
		{AF76B952-2106-4941-98B8-EA215CAD025A}.Debug|x64.ActiveCfg = Debug|Any CPU
		{AF76B952-2106-4941-98B8-EA215CAD025A}.Debug|x86.ActiveCfg = Debug|x86
		{AF76B952-2106-4941-98B8-EA215CAD025A}.Debug|x86.Build.0 = Debug|x86
		{AF76B952-2106-4941-98B8-EA215CAD025A}.Debug|x86.Deploy.0 = Debug|x86
		{AF76B952-2106-4941-98B8-EA215CAD025A}.Master|Any CPU.ActiveCfg = Release|Any CPU
		{AF76B952-2106-4941-98B8-EA215CAD025A}.Master|Any CPU.Build.0 = Release|Any CPU
		{AF76B952-2106-4941-98B8-EA215CAD025A}.Master|Any CPU.Deploy.0 = Release|Any CPU
		{AF76B952-2106-4941-98B8-EA215CAD025A}.Master|ARM.ActiveCfg = Release|ARM
		{AF76B952-2106-4941-98B8-EA215CAD025A}.Master|ARM.Build.0 = Release|ARM
		{AF76B952-2106-4941-98B8-EA215CAD025A}.Master|ARM.Deploy.0 = Release|ARM
		{AF76B952-2106-4941-98B8-EA215CAD025A}.Master|Mixed Platforms.ActiveCfg = Release|x86
		{AF76B952-2106-4941-98B8-EA215CAD025A}.Master|Mixed Platforms.Build.0 = Release|x86
		{AF76B952-2106-4941-98B8-EA215CAD025A}.Master|Mixed Platforms.Deploy.0 = Release|x86
		{AF76B952-2106-4941-98B8-EA215CAD025A}.Master|x64.ActiveCfg = Release|Any CPU
		{AF76B952-2106-4941-98B8-EA215CAD025A}.Master|x86.ActiveCfg = Release|x86
		{AF76B952-2106-4941-98B8-EA215CAD025A}.Master|x86.Build.0 = Release|x86
		{AF76B952-2106-4941-98B8-EA215CAD025A}.Master|x86.Deploy.0 = Release|x86
		{AF76B952-2106-4941-98B8-EA215CAD025A}.Release|Any CPU.ActiveCfg = Release|Any CPU
		{AF76B952-2106-4941-98B8-EA215CAD025A}.Release|Any CPU.Build.0 = Release|Any CPU
		{AF76B952-2106-4941-98B8-EA215CAD025A}.Release|Any CPU.Deploy.0 = Release|Any CPU
		{AF76B952-2106-4941-98B8-EA215CAD025A}.Release|ARM.ActiveCfg = Release|ARM
		{AF76B952-2106-4941-98B8-EA215CAD025A}.Release|ARM.Build.0 = Release|ARM
		{AF76B952-2106-4941-98B8-EA215CAD025A}.Release|ARM.Deploy.0 = Release|ARM
		{AF76B952-2106-4941-98B8-EA215CAD025A}.Release|Mixed Platforms.ActiveCfg = Release|x86
		{AF76B952-2106-4941-98B8-EA215CAD025A}.Release|Mixed Platforms.Build.0 = Release|x86
		{AF76B952-2106-4941-98B8-EA215CAD025A}.Release|Mixed Platforms.Deploy.0 = Release|x86
		{AF76B952-2106-4941-98B8-EA215CAD025A}.Release|x64.ActiveCfg = Release|Any CPU
		{AF76B952-2106-4941-98B8-EA215CAD025A}.Release|x86.ActiveCfg = Release|x86
		{AF76B952-2106-4941-98B8-EA215CAD025A}.Release|x86.Build.0 = Release|x86
		{AF76B952-2106-4941-98B8-EA215CAD025A}.Release|x86.Deploy.0 = Release|x86
		{FD9B5B09-A7DB-4F40-BC45-1D2BFF17315B}.Debug|Any CPU.ActiveCfg = Debug|Any CPU
		{FD9B5B09-A7DB-4F40-BC45-1D2BFF17315B}.Debug|Any CPU.Build.0 = Debug|Any CPU
		{FD9B5B09-A7DB-4F40-BC45-1D2BFF17315B}.Debug|Any CPU.Deploy.0 = Debug|Any CPU
		{FD9B5B09-A7DB-4F40-BC45-1D2BFF17315B}.Debug|ARM.ActiveCfg = Debug|ARM
		{FD9B5B09-A7DB-4F40-BC45-1D2BFF17315B}.Debug|ARM.Build.0 = Debug|ARM
		{FD9B5B09-A7DB-4F40-BC45-1D2BFF17315B}.Debug|ARM.Deploy.0 = Debug|ARM
		{FD9B5B09-A7DB-4F40-BC45-1D2BFF17315B}.Debug|Mixed Platforms.ActiveCfg = Debug|x86
		{FD9B5B09-A7DB-4F40-BC45-1D2BFF17315B}.Debug|Mixed Platforms.Build.0 = Debug|x86
		{FD9B5B09-A7DB-4F40-BC45-1D2BFF17315B}.Debug|Mixed Platforms.Deploy.0 = Debug|x86
		{FD9B5B09-A7DB-4F40-BC45-1D2BFF17315B}.Debug|x64.ActiveCfg = Debug|Any CPU
		{FD9B5B09-A7DB-4F40-BC45-1D2BFF17315B}.Debug|x86.ActiveCfg = Debug|x86
		{FD9B5B09-A7DB-4F40-BC45-1D2BFF17315B}.Debug|x86.Build.0 = Debug|x86
		{FD9B5B09-A7DB-4F40-BC45-1D2BFF17315B}.Debug|x86.Deploy.0 = Debug|x86
		{FD9B5B09-A7DB-4F40-BC45-1D2BFF17315B}.Master|Any CPU.ActiveCfg = Release|Any CPU
		{FD9B5B09-A7DB-4F40-BC45-1D2BFF17315B}.Master|Any CPU.Build.0 = Release|Any CPU
		{FD9B5B09-A7DB-4F40-BC45-1D2BFF17315B}.Master|Any CPU.Deploy.0 = Release|Any CPU
		{FD9B5B09-A7DB-4F40-BC45-1D2BFF17315B}.Master|ARM.ActiveCfg = Release|ARM
		{FD9B5B09-A7DB-4F40-BC45-1D2BFF17315B}.Master|ARM.Build.0 = Release|ARM
		{FD9B5B09-A7DB-4F40-BC45-1D2BFF17315B}.Master|ARM.Deploy.0 = Release|ARM
		{FD9B5B09-A7DB-4F40-BC45-1D2BFF17315B}.Master|Mixed Platforms.ActiveCfg = Release|x86
		{FD9B5B09-A7DB-4F40-BC45-1D2BFF17315B}.Master|Mixed Platforms.Build.0 = Release|x86
		{FD9B5B09-A7DB-4F40-BC45-1D2BFF17315B}.Master|Mixed Platforms.Deploy.0 = Release|x86
		{FD9B5B09-A7DB-4F40-BC45-1D2BFF17315B}.Master|x64.ActiveCfg = Release|Any CPU
		{FD9B5B09-A7DB-4F40-BC45-1D2BFF17315B}.Master|x86.ActiveCfg = Release|x86
		{FD9B5B09-A7DB-4F40-BC45-1D2BFF17315B}.Master|x86.Build.0 = Release|x86
		{FD9B5B09-A7DB-4F40-BC45-1D2BFF17315B}.Master|x86.Deploy.0 = Release|x86
		{FD9B5B09-A7DB-4F40-BC45-1D2BFF17315B}.Release|Any CPU.ActiveCfg = Release|Any CPU
		{FD9B5B09-A7DB-4F40-BC45-1D2BFF17315B}.Release|Any CPU.Build.0 = Release|Any CPU
		{FD9B5B09-A7DB-4F40-BC45-1D2BFF17315B}.Release|Any CPU.Deploy.0 = Release|Any CPU
		{FD9B5B09-A7DB-4F40-BC45-1D2BFF17315B}.Release|ARM.ActiveCfg = Release|ARM
		{FD9B5B09-A7DB-4F40-BC45-1D2BFF17315B}.Release|ARM.Build.0 = Release|ARM
		{FD9B5B09-A7DB-4F40-BC45-1D2BFF17315B}.Release|ARM.Deploy.0 = Release|ARM
		{FD9B5B09-A7DB-4F40-BC45-1D2BFF17315B}.Release|Mixed Platforms.ActiveCfg = Release|x86
		{FD9B5B09-A7DB-4F40-BC45-1D2BFF17315B}.Release|Mixed Platforms.Build.0 = Release|x86
		{FD9B5B09-A7DB-4F40-BC45-1D2BFF17315B}.Release|Mixed Platforms.Deploy.0 = Release|x86
		{FD9B5B09-A7DB-4F40-BC45-1D2BFF17315B}.Release|x64.ActiveCfg = Release|Any CPU
		{FD9B5B09-A7DB-4F40-BC45-1D2BFF17315B}.Release|x86.ActiveCfg = Release|x86
		{FD9B5B09-A7DB-4F40-BC45-1D2BFF17315B}.Release|x86.Build.0 = Release|x86
		{FD9B5B09-A7DB-4F40-BC45-1D2BFF17315B}.Release|x86.Deploy.0 = Release|x86
		{F17C1A30-9C1F-4256-8526-F0AC655D514A}.Debug|Any CPU.ActiveCfg = Debug|Any CPU
		{F17C1A30-9C1F-4256-8526-F0AC655D514A}.Debug|Any CPU.Build.0 = Debug|Any CPU
		{F17C1A30-9C1F-4256-8526-F0AC655D514A}.Debug|Any CPU.Deploy.0 = Debug|Any CPU
		{F17C1A30-9C1F-4256-8526-F0AC655D514A}.Debug|ARM.ActiveCfg = Debug|ARM
		{F17C1A30-9C1F-4256-8526-F0AC655D514A}.Debug|ARM.Build.0 = Debug|ARM
		{F17C1A30-9C1F-4256-8526-F0AC655D514A}.Debug|ARM.Deploy.0 = Debug|ARM
		{F17C1A30-9C1F-4256-8526-F0AC655D514A}.Debug|Mixed Platforms.ActiveCfg = Debug|x86
		{F17C1A30-9C1F-4256-8526-F0AC655D514A}.Debug|Mixed Platforms.Build.0 = Debug|x86
		{F17C1A30-9C1F-4256-8526-F0AC655D514A}.Debug|Mixed Platforms.Deploy.0 = Debug|x86
		{F17C1A30-9C1F-4256-8526-F0AC655D514A}.Debug|x64.ActiveCfg = Debug|x64
		{F17C1A30-9C1F-4256-8526-F0AC655D514A}.Debug|x64.Build.0 = Debug|x64
		{F17C1A30-9C1F-4256-8526-F0AC655D514A}.Debug|x64.Deploy.0 = Debug|x64
		{F17C1A30-9C1F-4256-8526-F0AC655D514A}.Debug|x86.ActiveCfg = Debug|x86
		{F17C1A30-9C1F-4256-8526-F0AC655D514A}.Debug|x86.Build.0 = Debug|x86
		{F17C1A30-9C1F-4256-8526-F0AC655D514A}.Debug|x86.Deploy.0 = Debug|x86
		{F17C1A30-9C1F-4256-8526-F0AC655D514A}.Master|Any CPU.ActiveCfg = Release|Any CPU
		{F17C1A30-9C1F-4256-8526-F0AC655D514A}.Master|Any CPU.Build.0 = Release|Any CPU
		{F17C1A30-9C1F-4256-8526-F0AC655D514A}.Master|Any CPU.Deploy.0 = Release|Any CPU
		{F17C1A30-9C1F-4256-8526-F0AC655D514A}.Master|ARM.ActiveCfg = Release|ARM
		{F17C1A30-9C1F-4256-8526-F0AC655D514A}.Master|ARM.Build.0 = Release|ARM
		{F17C1A30-9C1F-4256-8526-F0AC655D514A}.Master|ARM.Deploy.0 = Release|ARM
		{F17C1A30-9C1F-4256-8526-F0AC655D514A}.Master|Mixed Platforms.ActiveCfg = Release|x86
		{F17C1A30-9C1F-4256-8526-F0AC655D514A}.Master|Mixed Platforms.Build.0 = Release|x86
		{F17C1A30-9C1F-4256-8526-F0AC655D514A}.Master|Mixed Platforms.Deploy.0 = Release|x86
		{F17C1A30-9C1F-4256-8526-F0AC655D514A}.Master|x64.ActiveCfg = Release|x64
		{F17C1A30-9C1F-4256-8526-F0AC655D514A}.Master|x64.Build.0 = Release|x64
		{F17C1A30-9C1F-4256-8526-F0AC655D514A}.Master|x64.Deploy.0 = Release|x64
		{F17C1A30-9C1F-4256-8526-F0AC655D514A}.Master|x86.ActiveCfg = Release|x86
		{F17C1A30-9C1F-4256-8526-F0AC655D514A}.Master|x86.Build.0 = Release|x86
		{F17C1A30-9C1F-4256-8526-F0AC655D514A}.Master|x86.Deploy.0 = Release|x86
		{F17C1A30-9C1F-4256-8526-F0AC655D514A}.Release|Any CPU.ActiveCfg = Release|Any CPU
		{F17C1A30-9C1F-4256-8526-F0AC655D514A}.Release|Any CPU.Build.0 = Release|Any CPU
		{F17C1A30-9C1F-4256-8526-F0AC655D514A}.Release|Any CPU.Deploy.0 = Release|Any CPU
		{F17C1A30-9C1F-4256-8526-F0AC655D514A}.Release|ARM.ActiveCfg = Release|ARM
		{F17C1A30-9C1F-4256-8526-F0AC655D514A}.Release|ARM.Build.0 = Release|ARM
		{F17C1A30-9C1F-4256-8526-F0AC655D514A}.Release|ARM.Deploy.0 = Release|ARM
		{F17C1A30-9C1F-4256-8526-F0AC655D514A}.Release|Mixed Platforms.ActiveCfg = Release|x86
		{F17C1A30-9C1F-4256-8526-F0AC655D514A}.Release|Mixed Platforms.Build.0 = Release|x86
		{F17C1A30-9C1F-4256-8526-F0AC655D514A}.Release|Mixed Platforms.Deploy.0 = Release|x86
		{F17C1A30-9C1F-4256-8526-F0AC655D514A}.Release|x64.ActiveCfg = Release|x64
		{F17C1A30-9C1F-4256-8526-F0AC655D514A}.Release|x64.Build.0 = Release|x64
		{F17C1A30-9C1F-4256-8526-F0AC655D514A}.Release|x64.Deploy.0 = Release|x64
		{F17C1A30-9C1F-4256-8526-F0AC655D514A}.Release|x86.ActiveCfg = Release|x86
		{F17C1A30-9C1F-4256-8526-F0AC655D514A}.Release|x86.Build.0 = Release|x86
		{F17C1A30-9C1F-4256-8526-F0AC655D514A}.Release|x86.Deploy.0 = Release|x86
		{2A79D24D-51B6-41FC-8A33-E2069A9D7CF1}.Debug|Any CPU.ActiveCfg = Debug|Any CPU
		{2A79D24D-51B6-41FC-8A33-E2069A9D7CF1}.Debug|Any CPU.Build.0 = Debug|Any CPU
		{2A79D24D-51B6-41FC-8A33-E2069A9D7CF1}.Debug|Any CPU.Deploy.0 = Debug|Any CPU
		{2A79D24D-51B6-41FC-8A33-E2069A9D7CF1}.Debug|ARM.ActiveCfg = Debug|ARM
		{2A79D24D-51B6-41FC-8A33-E2069A9D7CF1}.Debug|ARM.Build.0 = Debug|ARM
		{2A79D24D-51B6-41FC-8A33-E2069A9D7CF1}.Debug|ARM.Deploy.0 = Debug|ARM
		{2A79D24D-51B6-41FC-8A33-E2069A9D7CF1}.Debug|Mixed Platforms.ActiveCfg = Debug|x86
		{2A79D24D-51B6-41FC-8A33-E2069A9D7CF1}.Debug|Mixed Platforms.Build.0 = Debug|x86
		{2A79D24D-51B6-41FC-8A33-E2069A9D7CF1}.Debug|Mixed Platforms.Deploy.0 = Debug|x86
		{2A79D24D-51B6-41FC-8A33-E2069A9D7CF1}.Debug|x64.ActiveCfg = Debug|Any CPU
		{2A79D24D-51B6-41FC-8A33-E2069A9D7CF1}.Debug|x86.ActiveCfg = Debug|x86
		{2A79D24D-51B6-41FC-8A33-E2069A9D7CF1}.Debug|x86.Build.0 = Debug|x86
		{2A79D24D-51B6-41FC-8A33-E2069A9D7CF1}.Debug|x86.Deploy.0 = Debug|x86
		{2A79D24D-51B6-41FC-8A33-E2069A9D7CF1}.Master|Any CPU.ActiveCfg = Release|Any CPU
		{2A79D24D-51B6-41FC-8A33-E2069A9D7CF1}.Master|Any CPU.Build.0 = Release|Any CPU
		{2A79D24D-51B6-41FC-8A33-E2069A9D7CF1}.Master|Any CPU.Deploy.0 = Release|Any CPU
		{2A79D24D-51B6-41FC-8A33-E2069A9D7CF1}.Master|ARM.ActiveCfg = Release|ARM
		{2A79D24D-51B6-41FC-8A33-E2069A9D7CF1}.Master|ARM.Build.0 = Release|ARM
		{2A79D24D-51B6-41FC-8A33-E2069A9D7CF1}.Master|ARM.Deploy.0 = Release|ARM
		{2A79D24D-51B6-41FC-8A33-E2069A9D7CF1}.Master|Mixed Platforms.ActiveCfg = Release|x86
		{2A79D24D-51B6-41FC-8A33-E2069A9D7CF1}.Master|Mixed Platforms.Build.0 = Release|x86
		{2A79D24D-51B6-41FC-8A33-E2069A9D7CF1}.Master|Mixed Platforms.Deploy.0 = Release|x86
		{2A79D24D-51B6-41FC-8A33-E2069A9D7CF1}.Master|x64.ActiveCfg = Release|Any CPU
		{2A79D24D-51B6-41FC-8A33-E2069A9D7CF1}.Master|x86.ActiveCfg = Release|x86
		{2A79D24D-51B6-41FC-8A33-E2069A9D7CF1}.Master|x86.Build.0 = Release|x86
		{2A79D24D-51B6-41FC-8A33-E2069A9D7CF1}.Master|x86.Deploy.0 = Release|x86
		{2A79D24D-51B6-41FC-8A33-E2069A9D7CF1}.Release|Any CPU.ActiveCfg = Release|Any CPU
		{2A79D24D-51B6-41FC-8A33-E2069A9D7CF1}.Release|Any CPU.Build.0 = Release|Any CPU
		{2A79D24D-51B6-41FC-8A33-E2069A9D7CF1}.Release|Any CPU.Deploy.0 = Release|Any CPU
		{2A79D24D-51B6-41FC-8A33-E2069A9D7CF1}.Release|ARM.ActiveCfg = Release|ARM
		{2A79D24D-51B6-41FC-8A33-E2069A9D7CF1}.Release|ARM.Build.0 = Release|ARM
		{2A79D24D-51B6-41FC-8A33-E2069A9D7CF1}.Release|ARM.Deploy.0 = Release|ARM
		{2A79D24D-51B6-41FC-8A33-E2069A9D7CF1}.Release|Mixed Platforms.ActiveCfg = Release|x86
		{2A79D24D-51B6-41FC-8A33-E2069A9D7CF1}.Release|Mixed Platforms.Build.0 = Release|x86
		{2A79D24D-51B6-41FC-8A33-E2069A9D7CF1}.Release|Mixed Platforms.Deploy.0 = Release|x86
		{2A79D24D-51B6-41FC-8A33-E2069A9D7CF1}.Release|x64.ActiveCfg = Release|Any CPU
		{2A79D24D-51B6-41FC-8A33-E2069A9D7CF1}.Release|x86.ActiveCfg = Release|x86
		{2A79D24D-51B6-41FC-8A33-E2069A9D7CF1}.Release|x86.Build.0 = Release|x86
		{2A79D24D-51B6-41FC-8A33-E2069A9D7CF1}.Release|x86.Deploy.0 = Release|x86
		{6B9CC043-E4A6-43E1-8D4C-AFAA9CD5C809}.Debug|Any CPU.ActiveCfg = Debug|Any CPU
		{6B9CC043-E4A6-43E1-8D4C-AFAA9CD5C809}.Debug|Any CPU.Build.0 = Debug|Any CPU
		{6B9CC043-E4A6-43E1-8D4C-AFAA9CD5C809}.Debug|Any CPU.Deploy.0 = Debug|Any CPU
		{6B9CC043-E4A6-43E1-8D4C-AFAA9CD5C809}.Debug|ARM.ActiveCfg = Debug|ARM
		{6B9CC043-E4A6-43E1-8D4C-AFAA9CD5C809}.Debug|ARM.Build.0 = Debug|ARM
		{6B9CC043-E4A6-43E1-8D4C-AFAA9CD5C809}.Debug|ARM.Deploy.0 = Debug|ARM
		{6B9CC043-E4A6-43E1-8D4C-AFAA9CD5C809}.Debug|Mixed Platforms.ActiveCfg = Debug|x86
		{6B9CC043-E4A6-43E1-8D4C-AFAA9CD5C809}.Debug|Mixed Platforms.Build.0 = Debug|x86
		{6B9CC043-E4A6-43E1-8D4C-AFAA9CD5C809}.Debug|Mixed Platforms.Deploy.0 = Debug|x86
		{6B9CC043-E4A6-43E1-8D4C-AFAA9CD5C809}.Debug|x64.ActiveCfg = Debug|x64
		{6B9CC043-E4A6-43E1-8D4C-AFAA9CD5C809}.Debug|x64.Build.0 = Debug|x64
		{6B9CC043-E4A6-43E1-8D4C-AFAA9CD5C809}.Debug|x64.Deploy.0 = Debug|x64
		{6B9CC043-E4A6-43E1-8D4C-AFAA9CD5C809}.Debug|x86.ActiveCfg = Debug|x86
		{6B9CC043-E4A6-43E1-8D4C-AFAA9CD5C809}.Debug|x86.Build.0 = Debug|x86
		{6B9CC043-E4A6-43E1-8D4C-AFAA9CD5C809}.Debug|x86.Deploy.0 = Debug|x86
		{6B9CC043-E4A6-43E1-8D4C-AFAA9CD5C809}.Master|Any CPU.ActiveCfg = Release|Any CPU
		{6B9CC043-E4A6-43E1-8D4C-AFAA9CD5C809}.Master|Any CPU.Build.0 = Release|Any CPU
		{6B9CC043-E4A6-43E1-8D4C-AFAA9CD5C809}.Master|Any CPU.Deploy.0 = Release|Any CPU
		{6B9CC043-E4A6-43E1-8D4C-AFAA9CD5C809}.Master|ARM.ActiveCfg = Release|ARM
		{6B9CC043-E4A6-43E1-8D4C-AFAA9CD5C809}.Master|ARM.Build.0 = Release|ARM
		{6B9CC043-E4A6-43E1-8D4C-AFAA9CD5C809}.Master|ARM.Deploy.0 = Release|ARM
		{6B9CC043-E4A6-43E1-8D4C-AFAA9CD5C809}.Master|Mixed Platforms.ActiveCfg = Release|x86
		{6B9CC043-E4A6-43E1-8D4C-AFAA9CD5C809}.Master|Mixed Platforms.Build.0 = Release|x86
		{6B9CC043-E4A6-43E1-8D4C-AFAA9CD5C809}.Master|Mixed Platforms.Deploy.0 = Release|x86
		{6B9CC043-E4A6-43E1-8D4C-AFAA9CD5C809}.Master|x64.ActiveCfg = Release|x64
		{6B9CC043-E4A6-43E1-8D4C-AFAA9CD5C809}.Master|x64.Build.0 = Release|x64
		{6B9CC043-E4A6-43E1-8D4C-AFAA9CD5C809}.Master|x64.Deploy.0 = Release|x64
		{6B9CC043-E4A6-43E1-8D4C-AFAA9CD5C809}.Master|x86.ActiveCfg = Release|x86
		{6B9CC043-E4A6-43E1-8D4C-AFAA9CD5C809}.Master|x86.Build.0 = Release|x86
		{6B9CC043-E4A6-43E1-8D4C-AFAA9CD5C809}.Master|x86.Deploy.0 = Release|x86
		{6B9CC043-E4A6-43E1-8D4C-AFAA9CD5C809}.Release|Any CPU.ActiveCfg = Release|Any CPU
		{6B9CC043-E4A6-43E1-8D4C-AFAA9CD5C809}.Release|Any CPU.Build.0 = Release|Any CPU
		{6B9CC043-E4A6-43E1-8D4C-AFAA9CD5C809}.Release|Any CPU.Deploy.0 = Release|Any CPU
		{6B9CC043-E4A6-43E1-8D4C-AFAA9CD5C809}.Release|ARM.ActiveCfg = Release|ARM
		{6B9CC043-E4A6-43E1-8D4C-AFAA9CD5C809}.Release|ARM.Build.0 = Release|ARM
		{6B9CC043-E4A6-43E1-8D4C-AFAA9CD5C809}.Release|ARM.Deploy.0 = Release|ARM
		{6B9CC043-E4A6-43E1-8D4C-AFAA9CD5C809}.Release|Mixed Platforms.ActiveCfg = Release|x86
		{6B9CC043-E4A6-43E1-8D4C-AFAA9CD5C809}.Release|Mixed Platforms.Build.0 = Release|x86
		{6B9CC043-E4A6-43E1-8D4C-AFAA9CD5C809}.Release|Mixed Platforms.Deploy.0 = Release|x86
		{6B9CC043-E4A6-43E1-8D4C-AFAA9CD5C809}.Release|x64.ActiveCfg = Release|x64
		{6B9CC043-E4A6-43E1-8D4C-AFAA9CD5C809}.Release|x64.Build.0 = Release|x64
		{6B9CC043-E4A6-43E1-8D4C-AFAA9CD5C809}.Release|x64.Deploy.0 = Release|x64
		{6B9CC043-E4A6-43E1-8D4C-AFAA9CD5C809}.Release|x86.ActiveCfg = Release|x86
		{6B9CC043-E4A6-43E1-8D4C-AFAA9CD5C809}.Release|x86.Build.0 = Release|x86
		{6B9CC043-E4A6-43E1-8D4C-AFAA9CD5C809}.Release|x86.Deploy.0 = Release|x86
		{EE0C57B0-70A9-41AB-88C9-AED4D512CE4E}.Debug|Any CPU.ActiveCfg = Debug|Any CPU
		{EE0C57B0-70A9-41AB-88C9-AED4D512CE4E}.Debug|Any CPU.Build.0 = Debug|Any CPU
		{EE0C57B0-70A9-41AB-88C9-AED4D512CE4E}.Debug|Any CPU.Deploy.0 = Debug|Any CPU
		{EE0C57B0-70A9-41AB-88C9-AED4D512CE4E}.Debug|ARM.ActiveCfg = Debug|ARM
		{EE0C57B0-70A9-41AB-88C9-AED4D512CE4E}.Debug|ARM.Build.0 = Debug|ARM
		{EE0C57B0-70A9-41AB-88C9-AED4D512CE4E}.Debug|ARM.Deploy.0 = Debug|ARM
		{EE0C57B0-70A9-41AB-88C9-AED4D512CE4E}.Debug|Mixed Platforms.ActiveCfg = Debug|x86
		{EE0C57B0-70A9-41AB-88C9-AED4D512CE4E}.Debug|Mixed Platforms.Build.0 = Debug|x86
		{EE0C57B0-70A9-41AB-88C9-AED4D512CE4E}.Debug|Mixed Platforms.Deploy.0 = Debug|x86
		{EE0C57B0-70A9-41AB-88C9-AED4D512CE4E}.Debug|x64.ActiveCfg = Debug|Any CPU
		{EE0C57B0-70A9-41AB-88C9-AED4D512CE4E}.Debug|x86.ActiveCfg = Debug|x86
		{EE0C57B0-70A9-41AB-88C9-AED4D512CE4E}.Debug|x86.Build.0 = Debug|x86
		{EE0C57B0-70A9-41AB-88C9-AED4D512CE4E}.Debug|x86.Deploy.0 = Debug|x86
		{EE0C57B0-70A9-41AB-88C9-AED4D512CE4E}.Master|Any CPU.ActiveCfg = Release|Any CPU
		{EE0C57B0-70A9-41AB-88C9-AED4D512CE4E}.Master|Any CPU.Build.0 = Release|Any CPU
		{EE0C57B0-70A9-41AB-88C9-AED4D512CE4E}.Master|Any CPU.Deploy.0 = Release|Any CPU
		{EE0C57B0-70A9-41AB-88C9-AED4D512CE4E}.Master|ARM.ActiveCfg = Release|ARM
		{EE0C57B0-70A9-41AB-88C9-AED4D512CE4E}.Master|ARM.Build.0 = Release|ARM
		{EE0C57B0-70A9-41AB-88C9-AED4D512CE4E}.Master|ARM.Deploy.0 = Release|ARM
		{EE0C57B0-70A9-41AB-88C9-AED4D512CE4E}.Master|Mixed Platforms.ActiveCfg = Release|x86
		{EE0C57B0-70A9-41AB-88C9-AED4D512CE4E}.Master|Mixed Platforms.Build.0 = Release|x86
		{EE0C57B0-70A9-41AB-88C9-AED4D512CE4E}.Master|Mixed Platforms.Deploy.0 = Release|x86
		{EE0C57B0-70A9-41AB-88C9-AED4D512CE4E}.Master|x64.ActiveCfg = Release|Any CPU
		{EE0C57B0-70A9-41AB-88C9-AED4D512CE4E}.Master|x86.ActiveCfg = Release|x86
		{EE0C57B0-70A9-41AB-88C9-AED4D512CE4E}.Master|x86.Build.0 = Release|x86
		{EE0C57B0-70A9-41AB-88C9-AED4D512CE4E}.Master|x86.Deploy.0 = Release|x86
		{EE0C57B0-70A9-41AB-88C9-AED4D512CE4E}.Release|Any CPU.ActiveCfg = Release|Any CPU
		{EE0C57B0-70A9-41AB-88C9-AED4D512CE4E}.Release|Any CPU.Build.0 = Release|Any CPU
		{EE0C57B0-70A9-41AB-88C9-AED4D512CE4E}.Release|Any CPU.Deploy.0 = Release|Any CPU
		{EE0C57B0-70A9-41AB-88C9-AED4D512CE4E}.Release|ARM.ActiveCfg = Release|ARM
		{EE0C57B0-70A9-41AB-88C9-AED4D512CE4E}.Release|ARM.Build.0 = Release|ARM
		{EE0C57B0-70A9-41AB-88C9-AED4D512CE4E}.Release|ARM.Deploy.0 = Release|ARM
		{EE0C57B0-70A9-41AB-88C9-AED4D512CE4E}.Release|Mixed Platforms.ActiveCfg = Release|x86
		{EE0C57B0-70A9-41AB-88C9-AED4D512CE4E}.Release|Mixed Platforms.Build.0 = Release|x86
		{EE0C57B0-70A9-41AB-88C9-AED4D512CE4E}.Release|Mixed Platforms.Deploy.0 = Release|x86
		{EE0C57B0-70A9-41AB-88C9-AED4D512CE4E}.Release|x64.ActiveCfg = Release|Any CPU
		{EE0C57B0-70A9-41AB-88C9-AED4D512CE4E}.Release|x86.ActiveCfg = Release|x86
		{EE0C57B0-70A9-41AB-88C9-AED4D512CE4E}.Release|x86.Build.0 = Release|x86
		{EE0C57B0-70A9-41AB-88C9-AED4D512CE4E}.Release|x86.Deploy.0 = Release|x86
		{7A61466B-B453-4A49-A647-F760F90225BC}.Debug|Any CPU.ActiveCfg = Debug|x86
		{7A61466B-B453-4A49-A647-F760F90225BC}.Debug|ARM.ActiveCfg = Debug|ARM
		{7A61466B-B453-4A49-A647-F760F90225BC}.Debug|ARM.Build.0 = Debug|ARM
		{7A61466B-B453-4A49-A647-F760F90225BC}.Debug|ARM.Deploy.0 = Debug|ARM
		{7A61466B-B453-4A49-A647-F760F90225BC}.Debug|Mixed Platforms.ActiveCfg = Debug|x86
		{7A61466B-B453-4A49-A647-F760F90225BC}.Debug|Mixed Platforms.Build.0 = Debug|x86
		{7A61466B-B453-4A49-A647-F760F90225BC}.Debug|Mixed Platforms.Deploy.0 = Debug|x86
		{7A61466B-B453-4A49-A647-F760F90225BC}.Debug|x64.ActiveCfg = Debug|x86
		{7A61466B-B453-4A49-A647-F760F90225BC}.Debug|x86.ActiveCfg = Debug|x86
		{7A61466B-B453-4A49-A647-F760F90225BC}.Debug|x86.Build.0 = Debug|x86
		{7A61466B-B453-4A49-A647-F760F90225BC}.Debug|x86.Deploy.0 = Debug|x86
		{7A61466B-B453-4A49-A647-F760F90225BC}.Master|Any CPU.ActiveCfg = Master|x86
		{7A61466B-B453-4A49-A647-F760F90225BC}.Master|ARM.ActiveCfg = Master|ARM
		{7A61466B-B453-4A49-A647-F760F90225BC}.Master|ARM.Build.0 = Master|ARM
		{7A61466B-B453-4A49-A647-F760F90225BC}.Master|ARM.Deploy.0 = Master|ARM
		{7A61466B-B453-4A49-A647-F760F90225BC}.Master|Mixed Platforms.ActiveCfg = Master|x86
		{7A61466B-B453-4A49-A647-F760F90225BC}.Master|Mixed Platforms.Build.0 = Master|x86
		{7A61466B-B453-4A49-A647-F760F90225BC}.Master|Mixed Platforms.Deploy.0 = Master|x86
		{7A61466B-B453-4A49-A647-F760F90225BC}.Master|x64.ActiveCfg = Master|x86
		{7A61466B-B453-4A49-A647-F760F90225BC}.Master|x86.ActiveCfg = Master|x86
		{7A61466B-B453-4A49-A647-F760F90225BC}.Master|x86.Build.0 = Master|x86
		{7A61466B-B453-4A49-A647-F760F90225BC}.Master|x86.Deploy.0 = Master|x86
		{7A61466B-B453-4A49-A647-F760F90225BC}.Release|Any CPU.ActiveCfg = Release|x86
		{7A61466B-B453-4A49-A647-F760F90225BC}.Release|ARM.ActiveCfg = Release|ARM
		{7A61466B-B453-4A49-A647-F760F90225BC}.Release|ARM.Build.0 = Release|ARM
		{7A61466B-B453-4A49-A647-F760F90225BC}.Release|ARM.Deploy.0 = Release|ARM
		{7A61466B-B453-4A49-A647-F760F90225BC}.Release|Mixed Platforms.ActiveCfg = Release|x86
		{7A61466B-B453-4A49-A647-F760F90225BC}.Release|Mixed Platforms.Build.0 = Release|x86
		{7A61466B-B453-4A49-A647-F760F90225BC}.Release|Mixed Platforms.Deploy.0 = Release|x86
		{7A61466B-B453-4A49-A647-F760F90225BC}.Release|x64.ActiveCfg = Release|x86
		{7A61466B-B453-4A49-A647-F760F90225BC}.Release|x86.ActiveCfg = Release|x86
		{7A61466B-B453-4A49-A647-F760F90225BC}.Release|x86.Build.0 = Release|x86
		{7A61466B-B453-4A49-A647-F760F90225BC}.Release|x86.Deploy.0 = Release|x86
	EndGlobalSection
	GlobalSection(SolutionProperties) = preSolution
		HideSolutionNode = FALSE
	EndGlobalSection
	GlobalSection(NestedProjects) = preSolution
		{A3BE7312-B3C1-4019-8D3F-B73B4BD221DF} = {6EF871BD-4BE4-493C-BE4E-5B68A42FD8CB}
		{F17C1A30-9C1F-4256-8526-F0AC655D514A} = {6EF871BD-4BE4-493C-BE4E-5B68A42FD8CB}
		{2A79D24D-51B6-41FC-8A33-E2069A9D7CF1} = {6EF871BD-4BE4-493C-BE4E-5B68A42FD8CB}
		{AE1DCAAB-E761-4F2F-B559-6C5F84AEBB4B} = {8DA059A2-A512-45D4-9F13-D5E4999E2203}
		{6B9CC043-E4A6-43E1-8D4C-AFAA9CD5C809} = {8DA059A2-A512-45D4-9F13-D5E4999E2203}
		{EE0C57B0-70A9-41AB-88C9-AED4D512CE4E} = {8DA059A2-A512-45D4-9F13-D5E4999E2203}
		{7A61466B-B453-4A49-A647-F760F90225BC} = {ABD1D883-42AE-4E3C-AD5A-5A27AB6CBAB6}
	EndGlobalSection
EndGlobal
