
Microsoft Visual Studio Solution File, Format Version 12.00
# Visual Studio 2013
VisualStudioVersion = 12.0.31101.0
MinimumVisualStudioVersion = 10.0.40219.1
Project("{FAE04EC0-301F-11D3-BF4B-00C04F79EFBC}") = "UnityBanner", "UnityBanner\UnityBanner.csproj", "{47D17B47-D1F8-46A0-8C8D-DF51238F85DE}"
EndProject
Global
	GlobalSection(SolutionConfigurationPlatforms) = preSolution
		Debug|ARM = Debug|ARM
		Debug|x86 = Debug|x86
		Master|ARM = Master|ARM
		Master|x86 = Master|x86
		Release|ARM = Release|ARM
		Release|x86 = Release|x86
	EndGlobalSection
	GlobalSection(ProjectConfigurationPlatforms) = postSolution
		{47D17B47-D1F8-46A0-8C8D-DF51238F85DE}.Debug|ARM.ActiveCfg = Debug|ARM
		{47D17B47-D1F8-46A0-8C8D-DF51238F85DE}.Debug|ARM.Build.0 = Debug|ARM
		{47D17B47-D1F8-46A0-8C8D-DF51238F85DE}.Debug|ARM.Deploy.0 = Debug|ARM
		{47D17B47-D1F8-46A0-8C8D-DF51238F85DE}.Debug|x86.ActiveCfg = Debug|x86
		{47D17B47-D1F8-46A0-8C8D-DF51238F85DE}.Debug|x86.Build.0 = Debug|x86
		{47D17B47-D1F8-46A0-8C8D-DF51238F85DE}.Debug|x86.Deploy.0 = Debug|x86
		{47D17B47-D1F8-46A0-8C8D-DF51238F85DE}.Master|ARM.ActiveCfg = Master|ARM
		{47D17B47-D1F8-46A0-8C8D-DF51238F85DE}.Master|ARM.Build.0 = Master|ARM
		{47D17B47-D1F8-46A0-8C8D-DF51238F85DE}.Master|ARM.Deploy.0 = Master|ARM
		{47D17B47-D1F8-46A0-8C8D-DF51238F85DE}.Master|x86.ActiveCfg = Master|x86
		{47D17B47-D1F8-46A0-8C8D-DF51238F85DE}.Master|x86.Build.0 = Master|x86
		{47D17B47-D1F8-46A0-8C8D-DF51238F85DE}.Master|x86.Deploy.0 = Master|x86
		{47D17B47-D1F8-46A0-8C8D-DF51238F85DE}.Release|ARM.ActiveCfg = Release|ARM
		{47D17B47-D1F8-46A0-8C8D-DF51238F85DE}.Release|ARM.Build.0 = Release|ARM
		{47D17B47-D1F8-46A0-8C8D-DF51238F85DE}.Release|ARM.Deploy.0 = Release|ARM
		{47D17B47-D1F8-46A0-8C8D-DF51238F85DE}.Release|x86.ActiveCfg = Release|x86
		{47D17B47-D1F8-46A0-8C8D-DF51238F85DE}.Release|x86.Build.0 = Release|x86
		{47D17B47-D1F8-46A0-8C8D-DF51238F85DE}.Release|x86.Deploy.0 = Release|x86
	EndGlobalSection
	GlobalSection(SolutionProperties) = preSolution
		HideSolutionNode = FALSE
	EndGlobalSection
EndGlobal
